
Microsoft Visual Studio Solution File, Format Version 12.00
# Visual Studio Version 17
VisualStudioVersion = 17.9.34728.123
MinimumVisualStudioVersion = 10.0.40219.1
Project("{FAE04EC0-301F-11D3-BF4B-00C04F79EFBC}") = "Ex-Deploy-Api", "Ex-Deploy-Api\Ex-Deploy-Api.csproj", "{A14056C9-375D-4CBD-8DAC-5A339789F63B}"
EndProject
Global
	GlobalSection(SolutionConfigurationPlatforms) = preSolution
		Debug|Any CPU = Debug|Any CPU
		Release|Any CPU = Release|Any CPU
	EndGlobalSection
	GlobalSection(ProjectConfigurationPlatforms) = postSolution
		{A14056C9-375D-4CBD-8DAC-5A339789F63B}.Debug|Any CPU.ActiveCfg = Debug|Any CPU
		{A14056C9-375D-4CBD-8DAC-5A339789F63B}.Debug|Any CPU.Build.0 = Debug|Any CPU
		{A14056C9-375D-4CBD-8DAC-5A339789F63B}.Release|Any CPU.ActiveCfg = Release|Any CPU
		{A14056C9-375D-4CBD-8DAC-5A339789F63B}.Release|Any CPU.Build.0 = Release|Any CPU
	EndGlobalSection
	GlobalSection(SolutionProperties) = preSolution
		HideSolutionNode = FALSE
	EndGlobalSection
	GlobalSection(ExtensibilityGlobals) = postSolution
		SolutionGuid = {1DB8F681-C1FF-4CDE-9A3E-55CC7DC19AA9}
	EndGlobalSection
EndGlobal
